hash: ade2bd147c49caf0e723ab37e2199e8a91033e0f24c60d7f62cdc1a2e92fb3ab
updated: 2018-04-30T18:15:35.413551257+02:00
imports:
- name: github.com/blang/semver
  version: 2ee87856327ba09384cabd113bc6b5d174e9ec0f
- name: github.com/bradfitz/slice
  version: d9036e2120b5ddfa53f3ebccd618c4af275f47da
- name: github.com/jasonlvhit/gocron
  version: 54194c9749d48b073c9aeb2c787b6882e95dd0cd
- name: github.com/jinzhu/configor
  version: ec34f328956f53dfbd06e9f5306e37e6943443c3
- name: github.com/mcuadros/go-version
  version: 88e56e02bea1c203c99222c365fa52a69996ccac
- name: github.com/spf13/cast
  version: acbeb36b902d72a7a4c18e8f3241075e7ab763e4
- name: go4.org
  version: 9599cf28b011184741f249bd9f9330756b506cbc
  subpackages:
  - reflectutil
- name: mvdan.cc/xurls
  version: d315b61cf6727664f310fa87b3197e9faf2a8513
testImports: []
